<?xml version="1.0" encoding="utf-8"?>
<Project ToolsVersion="4.0" xmlns="http://schemas.microsoft.com/developer/msbuild/2003">
  <ItemGroup>
    <ClCompile Include="Level\Tile.cpp" />
    <ClCompile Include="Level\Grid.cpp" />
    <ClCompile Include="Level\Level.cpp" />
    <ClCompile Include="States\State.cpp" />
    <ClCompile Include="Interface\Button.cpp" />
    <ClCompile Include="main.cpp" />
    <ClCompile Include="Camera\Camera.cpp" />
    <ClCompile Include="Entity\Character.cpp" />
    <ClCompile Include="Entity\Entity.cpp" />
    <ClCompile Include="Entity\Item.cpp" />
    <ClCompile Include="Entity\Projectile.cpp" />
    <ClCompile Include="imgui.cpp" />
    <ClCompile Include="imgui_draw.cpp" />
    <ClCompile Include="imgui-SFML.cpp" />
    <ClCompile Include="imgui_demo.cpp" />
    <ClCompile Include="GameTime.cpp" />
    <ClCompile Include="States\MainMenu.cpp" />
    <ClCompile Include="OurLua\OurLua.cpp" />
    <ClCompile Include="States\Game.cpp" />
    <ClCompile Include="States\MainMenu.cpp" />
    <ClCompile Include="States\Editor.cpp" />
    <ClCompile Include="Entity\Weapon.cpp" />
    <ClCompile Include="Interface\HeadsUpDisplay.cpp" />
  </ItemGroup>
  <ItemGroup>
    <Filter Include="levelEditor">
      <UniqueIdentifier>{4d38bfc0-c157-48a0-a1ba-25c31c4c81e7}</UniqueIdentifier>
    </Filter>
  </ItemGroup>
  <ItemGroup>
    <ClInclude Include="Level\Tile.hpp">
      <Filter>levelEditor</Filter>
    </ClInclude>
    <ClInclude Include="Level\Grid.hpp">
      <Filter>levelEditor</Filter>
    </ClInclude>
    <ClInclude Include="Level\Level.hpp" />
    <ClInclude Include="States\State.hpp" />
    <ClInclude Include="Interface\Button.hpp" />
    <ClInclude Include="Camera\Camera.hpp" />
    <ClInclude Include="Entity\Character.hpp" />
    <ClInclude Include="Entity\Entity.hpp" />
    <ClInclude Include="Entity\Item.hpp" />
    <ClInclude Include="Entity\Projectile.hpp" />
    <ClInclude Include="GameTime.hpp" />
    <ClInclude Include="RenderQueue.hpp" />
    <ClInclude Include="OurLua\OurLua.hpp" />
    <ClInclude Include="States\Game.hpp" />
    <ClInclude Include="States\MainMenu.hpp" />
    <ClInclude Include="Interface\Button.hpp" />
    <ClInclude Include="Interface\HeadsUpDisplay.h" />
    <ClInclude Include="States\Editor.hpp" />
    <ClInclude Include="Hack.hpp" />
    <ClInclude Include="Entity\Weapon.hpp" />
  </ItemGroup>
  <ItemGroup>
    <Text Include="Resourses\Levels\level_template.txt" />
  </ItemGroup>
  <ItemGroup>
    <None Include="Resourses\Levels\test.chef" />
    <None Include="Scripts\DVD.Lua" />
    <None Include="Scripts\Player\PlayerModule.Lua" />
    <None Include="Scripts\Player\mario.lua" />
    <None Include="Scripts\penis.lua" />
    <None Include="Scripts\Goomba.lua" />
  </ItemGroup>
</Project>