<?xml version="1.0" encoding="utf-8"?>
<Project ToolsVersion="4.0" xmlns="http://schemas.microsoft.com/developer/msbuild/2003">
  <ItemGroup>
    <ClCompile Include="Level\Tile.cpp" />
    <ClCompile Include="Level\Grid.cpp" />
    <ClCompile Include="Level\Level.cpp" />
    <ClCompile Include="Entity\Character.cpp" />
    <ClCompile Include="Entity\Enemy.cpp" />
    <ClCompile Include="Entity\Entity.cpp" />
    <ClCompile Include="Entity\Item.cpp" />
    <ClCompile Include="Entity\Projectile.cpp" />
    <ClCompile Include="Entity\TheDude.cpp" />
    <ClCompile Include="Controllers\EnemyController.cpp" />
    <ClCompile Include="Camera\Camera.cpp" />
    <ClCompile Include="Controllers\ItemController.cpp" />
    <ClCompile Include="States\State.cpp" />
    <ClCompile Include="States\GameState.cpp" />
    <ClCompile Include="Interface\Button.cpp" />
    <ClCompile Include="States\MainMenu.cpp" />
    <ClCompile Include="Scripts\OurLua.cpp" />
    <ClCompile Include="testXClassFUNCtions.cpp" />
    <ClCompile Include="Controllers\ProjectileController.cpp" />
  </ItemGroup>
  <ItemGroup>
    <Filter Include="levelEditor">
      <UniqueIdentifier>{4d38bfc0-c157-48a0-a1ba-25c31c4c81e7}</UniqueIdentifier>
    </Filter>
  </ItemGroup>
  <ItemGroup>
    <ClInclude Include="Level\Tile.hpp">
      <Filter>levelEditor</Filter>
    </ClInclude>
    <ClInclude Include="Level\Grid.hpp">
      <Filter>levelEditor</Filter>
    </ClInclude>
    <ClInclude Include="Level\Level.hpp" />
    <ClInclude Include="Entity\Character.hpp" />
    <ClInclude Include="Entity\Entity.hpp" />
    <ClInclude Include="Entity\Item.hpp" />
    <ClInclude Include="Entity\Projectile.hpp" />
    <ClInclude Include="Entity\TheDude.h" />
    <ClInclude Include="Controllers\EnemyController.hpp" />
    <ClInclude Include="Camera\Camera.hpp" />
    <ClInclude Include="Controllers\ProjectileController.hpp" />
    <ClInclude Include="Controllers\ItemController.hpp" />
    <ClInclude Include="States\State.hpp" />
    <ClInclude Include="States\GameState.hpp" />
    <ClInclude Include="States\MainMenu.hpp" />
    <ClInclude Include="Scripts\OurLua.h" />
    <ClInclude Include="Interface\Button.hpp" />
    <ClInclude Include="Entity\Enemy.hpp" />
    <ClInclude Include="RenderQueue.h" />
  </ItemGroup>
  <ItemGroup>
    <Text Include="Resourses\Levels\level_template.txt" />
  </ItemGroup>
  <ItemGroup>
    <None Include="Resourses\Levels\test.chef" />
    <None Include="test.Lua" />
    <None Include="test2.Lua" />
    <None Include="Scripts\EnemyHandler.Lua" />
    <None Include="Scripts\PlayerHandler.Lua" />
    <None Include="Scripts\CollisionHandler.lua" />
  </ItemGroup>
</Project>